
Microsoft Visual Studio Solution File, Format Version 12.00
# Visual Studio 15
VisualStudioVersion = 15.0.28307.489
MinimumVisualStudioVersion = 10.0.40219.1
Project("{FAE04EC0-301F-11D3-BF4B-00C04F79EFBC}") = "Map_v1.0_project_team7_sa", "Map_v1.0_project_team7_sa\Map_v1.0_project_team7_sa.csproj", "{E27822C4-57F5-4B6A-B87B-270D787228C4}"
EndProject
Global
	GlobalSection(SolutionConfigurationPlatforms) = preSolution
		Debug|Any CPU = Debug|Any CPU
		Release|Any CPU = Release|Any CPU
	EndGlobalSection
	GlobalSection(ProjectConfigurationPlatforms) = postSolution
		{E27822C4-57F5-4B6A-B87B-270D787228C4}.Debug|Any CPU.ActiveCfg = Debug|Any CPU
		{E27822C4-57F5-4B6A-B87B-270D787228C4}.Debug|Any CPU.Build.0 = Debug|Any CPU
		{E27822C4-57F5-4B6A-B87B-270D787228C4}.Release|Any CPU.ActiveCfg = Release|Any CPU
		{E27822C4-57F5-4B6A-B87B-270D787228C4}.Release|Any CPU.Build.0 = Release|Any CPU
	EndGlobalSection
	GlobalSection(SolutionProperties) = preSolution
		HideSolutionNode = FALSE
	EndGlobalSection
	GlobalSection(ExtensibilityGlobals) = postSolution
		SolutionGuid = {2C862C9C-9D46-433B-A90E-AB7718AA0CBA}
	EndGlobalSection
EndGlobal
